
Microsoft Visual Studio Solution File, Format Version 12.00
# Visual Studio Version 17
VisualStudioVersion = 17.11.35327.3
MinimumVisualStudioVersion = 10.0.40219.1
Project("{FAE04EC0-301F-11D3-BF4B-00C04F79EFBC}") = "NetworkManagementApp", "NetworkManagementApp.csproj", "{8E930301-2292-42E6-84C4-A7F5AFC14C27}"
EndProject
Global
	GlobalSection(SolutionConfigurationPlatforms) = preSolution
		Debug|Any CPU = Debug|Any CPU
		Release|Any CPU = Release|Any CPU
	EndGlobalSection
	GlobalSection(ProjectConfigurationPlatforms) = postSolution
		{8E930301-2292-42E6-84C4-A7F5AFC14C27}.Debug|Any CPU.ActiveCfg = Debug|Any CPU
		{8E930301-2292-42E6-84C4-A7F5AFC14C27}.Debug|Any CPU.Build.0 = Debug|Any CPU
		{8E930301-2292-42E6-84C4-A7F5AFC14C27}.Release|Any CPU.ActiveCfg = Release|Any CPU
		{8E930301-2292-42E6-84C4-A7F5AFC14C27}.Release|Any CPU.Build.0 = Release|Any CPU
	EndGlobalSection
	GlobalSection(SolutionProperties) = preSolution
		HideSolutionNode = FALSE
	EndGlobalSection
	GlobalSection(ExtensibilityGlobals) = postSolution
		SolutionGuid = {58B481E8-7833-45FA-ABE9-40DE7A7AA8C1}
	EndGlobalSection
EndGlobal
